
Microsoft Visual Studio Solution File, Format Version 12.00
# Visual Studio Version 17
VisualStudioVersion = 17.6.33723.286
MinimumVisualStudioVersion = 10.0.40219.1
Project("{9A19103F-16F7-4668-BE54-9A1E7A4F7556}") = "HrManagmentSystem", "HrMangmentSystem\HrManagmentSystem.csproj", "{7EA6ECCA-0881-4378-921D-B567A3FB8297}"
EndProject
Project("{9A19103F-16F7-4668-BE54-9A1E7A4F7556}") = "HrManagment.DAL", "HrMangment.DAL\HrManagment.DAL.csproj", "{1FC68014-19AD-47EA-A7B7-876C848AE04E}"
EndProject
Global
	GlobalSection(SolutionConfigurationPlatforms) = preSolution
		Debug|Any CPU = Debug|Any CPU
		Release|Any CPU = Release|Any CPU
	EndGlobalSection
	GlobalSection(ProjectConfigurationPlatforms) = postSolution
		{7EA6ECCA-0881-4378-921D-B567A3FB8297}.Debug|Any CPU.ActiveCfg = Debug|Any CPU
		{7EA6ECCA-0881-4378-921D-B567A3FB8297}.Debug|Any CPU.Build.0 = Debug|Any CPU
		{7EA6ECCA-0881-4378-921D-B567A3FB8297}.Release|Any CPU.ActiveCfg = Release|Any CPU
		{7EA6ECCA-0881-4378-921D-B567A3FB8297}.Release|Any CPU.Build.0 = Release|Any CPU
		{1FC68014-19AD-47EA-A7B7-876C848AE04E}.Debug|Any CPU.ActiveCfg = Debug|Any CPU
		{1FC68014-19AD-47EA-A7B7-876C848AE04E}.Debug|Any CPU.Build.0 = Debug|Any CPU
		{1FC68014-19AD-47EA-A7B7-876C848AE04E}.Release|Any CPU.ActiveCfg = Release|Any CPU
		{1FC68014-19AD-47EA-A7B7-876C848AE04E}.Release|Any CPU.Build.0 = Release|Any CPU
	EndGlobalSection
	GlobalSection(SolutionProperties) = preSolution
		HideSolutionNode = FALSE
	EndGlobalSection
	GlobalSection(ExtensibilityGlobals) = postSolution
		SolutionGuid = {67DBF003-7976-47C8-9857-2D974940DB8E}
	EndGlobalSection
EndGlobal
